lockfileVersion: 5.4

specifiers:
  '@effect/data': ^0.12.6
  '@effect/schema': ^0.20.1
  typescript: ^5.1.3
  zod: ^3.21.4

dependencies:
  typescript: 5.1.3

devDependencies:
  '@effect/data': 0.12.6
  '@effect/schema': 0.20.1
  zod: 3.21.4

packages:

  /@effect/data/0.12.6:
    resolution: {integrity: sha512-XRhB7dnIpAOwAy7xKbjEvcG9E0+R7+yfwA6mcSpPja8zu6hYvIAbLtmiuKSRQ+QmjGRv4NzIJ6GwuHHpYHkoIg==}
    dev: true

  /@effect/io/0.26.0:
    resolution: {integrity: sha512-umwZ/sRoV7zb/8WwoiK7xWoypqvY6C1EXWEGORpViAFUTx3/bXc9i7JtdttTWVokXb3qogrxGX2SHopB20I4vQ==}
    dependencies:
      '@effect/data': 0.12.6
    dev: true

  /@effect/schema/0.20.1:
    resolution: {integrity: sha512-wp3qYMIC/NyVbUhJ7W52JQcPN56AsagTYJsXVmYyK24QEtTuEGbVqCelihY8RwjJZLPEt230bqssFb2+Q/EsHQ==}
    dependencies:
      '@effect/data': 0.12.6
      '@effect/io': 0.26.0
      fast-check: 3.10.0
    dev: true

  /fast-check/3.10.0:
    resolution: {integrity: sha512-I2FldZwnCbcY6iL+H0rp9m4D+O3PotuFu9FasWjMCzUedYHMP89/37JbSt6/n7Yq/IZmJDW0B2h30sPYdzrfzw==}
    engines: {node: '>=8.0.0'}
    dependencies:
      pure-rand: 6.0.2
    dev: true

  /pure-rand/6.0.2:
    resolution: {integrity: sha512-6Yg0ekpKICSjPswYOuC5sku/TSWaRYlA0qsXqJgM/d/4pLPHPuTxK7Nbf7jFKzAeedUhR8C7K9Uv63FBsSo8xQ==}
    dev: true

  /typescript/5.1.3:
    resolution: {integrity: sha512-XH627E9vkeqhlZFQuL+UsyAXEnibT0kWR2FWONlr4sTjvxyJYnyefgrkyECLzM5NenmKzRAy2rR/OlYLA1HkZw==}
    engines: {node: '>=14.17'}
    hasBin: true
    dev: false

  /zod/3.21.4:
    resolution: {integrity: sha512-m46AKbrzKVzOzs/DZgVnG5H55N1sv1M8qZU3A8RIKbs3mrACDNeIOeilDymVb2HdmP8uwshOCF4uJ8uM9rCqJw==}
    dev: true
